
Microsoft Visual Studio Solution File, Format Version 12.00
# Visual Studio Version 16
VisualStudioVersion = 16.0.32228.343
MinimumVisualStudioVersion = 10.0.40219.1
Project("{FAE04EC0-301F-11D3-BF4B-00C04F79EFBC}") = "Casgem_CodeFirstProje", "Casgem_CodeFirstProje\Casgem_CodeFirstProje.csproj", "{226829C8-2915-446E-8FF6-929192569901}"
EndProject
Global
	GlobalSection(SolutionConfigurationPlatforms) = preSolution
		Debug|Any CPU = Debug|Any CPU
		Release|Any CPU = Release|Any CPU
	EndGlobalSection
	GlobalSection(ProjectConfigurationPlatforms) = postSolution
		{226829C8-2915-446E-8FF6-929192569901}.Debug|Any CPU.ActiveCfg = Debug|Any CPU
		{226829C8-2915-446E-8FF6-929192569901}.Debug|Any CPU.Build.0 = Debug|Any CPU
		{226829C8-2915-446E-8FF6-929192569901}.Release|Any CPU.ActiveCfg = Release|Any CPU
		{226829C8-2915-446E-8FF6-929192569901}.Release|Any CPU.Build.0 = Release|Any CPU
	EndGlobalSection
	GlobalSection(SolutionProperties) = preSolution
		HideSolutionNode = FALSE
	EndGlobalSection
	GlobalSection(ExtensibilityGlobals) = postSolution
		SolutionGuid = {31B2A07B-FEC7-49F9-B154-D109E6BED7E0}
	EndGlobalSection
EndGlobal
